<?xml version="1.0" encoding="utf-8"?>
<Project ToolsVersion="4.0" xmlns="http://schemas.microsoft.com/developer/msbuild/2003">
  <ItemGroup>
    <Filter Include="Source Files">
      <UniqueIdentifier>{1df82df4-b40c-4940-b695-2006e259d144}</UniqueIdentifier>
      <Extensions>cpp;c;cxx;rc;def;r;odl;idl;hpj;bat</Extensions>
    </Filter>
    <Filter Include="Header Files">
      <UniqueIdentifier>{6388fa8c-043e-4076-9faf-6a3de6354f86}</UniqueIdentifier>
      <Extensions>h;hpp;hxx;hm;inl</Extensions>
    </Filter>
  </ItemGroup>
  <ItemGroup>
    <ClCompile Include="odbtp.c">
      <Filter>Source Files</Filter>
    </ClCompile>
    <ClCompile Include="w32sockutil.c">
      <Filter>Source Files</Filter>
    </ClCompile>
  </ItemGroup>
  <ItemGroup>
    <ClInclude Include="odbtp.h">
      <Filter>Header Files</Filter>
    </ClInclude>
    <ClInclude Include="odbtpbuild.h">
      <Filter>Header Files</Filter>
    </ClInclude>
    <ClInclude Include="w32sockutil.h">
      <Filter>Header Files</Filter>
    </ClInclude>
  </ItemGroup>
</Project>